
Microsoft Visual Studio Solution File, Format Version 12.00
# Visual Studio Version 17
VisualStudioVersion = 17.12.35728.132
MinimumVisualStudioVersion = 10.0.40219.1
Project("{2150E333-8FDC-42A3-9474-1A3956D46DE8}") = "src", "src", "{11657CE3-B157-43A9-A951-077332BFDA5E}"
EndProject
Project("{2150E333-8FDC-42A3-9474-1A3956D46DE8}") = "unit_test", "unit_test", "{6C65180E-0F28-4E61-B2C9-793016836092}"
EndProject
Project("{FAE04EC0-301F-11D3-BF4B-00C04F79EFBC}") = "BizMate.Api", "src\BizMate.Api\BizMate.Api.csproj", "{8D4194C9-5A8D-4F89-AE8A-AD65F4E6CE83}"
EndProject
Project("{FAE04EC0-301F-11D3-BF4B-00C04F79EFBC}") = "BizMate.Application", "src\BizMate.Application\BizMate.Application.csproj", "{4CE51D0F-4FAB-4E53-85C7-3B32ECAE3F1B}"
EndProject
Project("{FAE04EC0-301F-11D3-BF4B-00C04F79EFBC}") = "BizMate.Domain", "src\BizMate.Domain\BizMate.Domain.csproj", "{E77845B2-44F8-4C88-BBBE-F35651B1C64C}"
EndProject
Project("{FAE04EC0-301F-11D3-BF4B-00C04F79EFBC}") = "BizMate.Infrastructure", "src\BizMate.Infrastructure\BizMate.Infrastructure.csproj", "{FE6ADACE-21DF-4B43-A797-4127A468E53F}"
EndProject
Project("{FAE04EC0-301F-11D3-BF4B-00C04F79EFBC}") = "BizMate.Public", "src\BizMate.Public\BizMate.Public.csproj", "{5081D6F6-A19F-48B2-A9AD-4158225B843C}"
EndProject
Project("{FAE04EC0-301F-11D3-BF4B-00C04F79EFBC}") = "BizMate.UnitTest", "BizMate.UnitTest\BizMate.UnitTest.csproj", "{D2E9A830-47DB-403E-A5C1-AAF22F32B1B4}"
EndProject
Global
	GlobalSection(SolutionConfigurationPlatforms) = preSolution
		Debug|Any CPU = Debug|Any CPU
		Release|Any CPU = Release|Any CPU
	EndGlobalSection
	GlobalSection(ProjectConfigurationPlatforms) = postSolution
		{8D4194C9-5A8D-4F89-AE8A-AD65F4E6CE83}.Debug|Any CPU.ActiveCfg = Debug|Any CPU
		{8D4194C9-5A8D-4F89-AE8A-AD65F4E6CE83}.Debug|Any CPU.Build.0 = Debug|Any CPU
		{8D4194C9-5A8D-4F89-AE8A-AD65F4E6CE83}.Release|Any CPU.ActiveCfg = Release|Any CPU
		{8D4194C9-5A8D-4F89-AE8A-AD65F4E6CE83}.Release|Any CPU.Build.0 = Release|Any CPU
		{4CE51D0F-4FAB-4E53-85C7-3B32ECAE3F1B}.Debug|Any CPU.ActiveCfg = Debug|Any CPU
		{4CE51D0F-4FAB-4E53-85C7-3B32ECAE3F1B}.Debug|Any CPU.Build.0 = Debug|Any CPU
		{4CE51D0F-4FAB-4E53-85C7-3B32ECAE3F1B}.Release|Any CPU.ActiveCfg = Release|Any CPU
		{4CE51D0F-4FAB-4E53-85C7-3B32ECAE3F1B}.Release|Any CPU.Build.0 = Release|Any CPU
		{E77845B2-44F8-4C88-BBBE-F35651B1C64C}.Debug|Any CPU.ActiveCfg = Debug|Any CPU
		{E77845B2-44F8-4C88-BBBE-F35651B1C64C}.Debug|Any CPU.Build.0 = Debug|Any CPU
		{E77845B2-44F8-4C88-BBBE-F35651B1C64C}.Release|Any CPU.ActiveCfg = Release|Any CPU
		{E77845B2-44F8-4C88-BBBE-F35651B1C64C}.Release|Any CPU.Build.0 = Release|Any CPU
		{FE6ADACE-21DF-4B43-A797-4127A468E53F}.Debug|Any CPU.ActiveCfg = Debug|Any CPU
		{FE6ADACE-21DF-4B43-A797-4127A468E53F}.Debug|Any CPU.Build.0 = Debug|Any CPU
		{FE6ADACE-21DF-4B43-A797-4127A468E53F}.Release|Any CPU.ActiveCfg = Release|Any CPU
		{FE6ADACE-21DF-4B43-A797-4127A468E53F}.Release|Any CPU.Build.0 = Release|Any CPU
		{5081D6F6-A19F-48B2-A9AD-4158225B843C}.Debug|Any CPU.ActiveCfg = Debug|Any CPU
		{5081D6F6-A19F-48B2-A9AD-4158225B843C}.Debug|Any CPU.Build.0 = Debug|Any CPU
		{5081D6F6-A19F-48B2-A9AD-4158225B843C}.Release|Any CPU.ActiveCfg = Release|Any CPU
		{5081D6F6-A19F-48B2-A9AD-4158225B843C}.Release|Any CPU.Build.0 = Release|Any CPU
		{D2E9A830-47DB-403E-A5C1-AAF22F32B1B4}.Debug|Any CPU.ActiveCfg = Debug|Any CPU
		{D2E9A830-47DB-403E-A5C1-AAF22F32B1B4}.Debug|Any CPU.Build.0 = Debug|Any CPU
		{D2E9A830-47DB-403E-A5C1-AAF22F32B1B4}.Release|Any CPU.ActiveCfg = Release|Any CPU
		{D2E9A830-47DB-403E-A5C1-AAF22F32B1B4}.Release|Any CPU.Build.0 = Release|Any CPU
	EndGlobalSection
	GlobalSection(SolutionProperties) = preSolution
		HideSolutionNode = FALSE
	EndGlobalSection
	GlobalSection(NestedProjects) = preSolution
		{8D4194C9-5A8D-4F89-AE8A-AD65F4E6CE83} = {11657CE3-B157-43A9-A951-077332BFDA5E}
		{4CE51D0F-4FAB-4E53-85C7-3B32ECAE3F1B} = {11657CE3-B157-43A9-A951-077332BFDA5E}
		{E77845B2-44F8-4C88-BBBE-F35651B1C64C} = {11657CE3-B157-43A9-A951-077332BFDA5E}
		{FE6ADACE-21DF-4B43-A797-4127A468E53F} = {11657CE3-B157-43A9-A951-077332BFDA5E}
		{5081D6F6-A19F-48B2-A9AD-4158225B843C} = {11657CE3-B157-43A9-A951-077332BFDA5E}
		{D2E9A830-47DB-403E-A5C1-AAF22F32B1B4} = {6C65180E-0F28-4E61-B2C9-793016836092}
	EndGlobalSection
EndGlobal
